
Microsoft Visual Studio Solution File, Format Version 12.00
# Visual Studio 15
VisualStudioVersion = 15.0.27703.2035
MinimumVisualStudioVersion = 10.0.40219.1
Project("{9A19103F-16F7-4668-BE54-9A1E7A4F7556}") = "Login.Services", "Login.Services\Login.Services.csproj", "{518547CC-1CB1-4711-882D-3FAC3DEF3D68}"
EndProject
Global
	GlobalSection(SolutionConfigurationPlatforms) = preSolution
		Debug|Any CPU = Debug|Any CPU
		Release|Any CPU = Release|Any CPU
	EndGlobalSection
	GlobalSection(ProjectConfigurationPlatforms) = postSolution
		{518547CC-1CB1-4711-882D-3FAC3DEF3D68}.Debug|Any CPU.ActiveCfg = Debug|Any CPU
		{518547CC-1CB1-4711-882D-3FAC3DEF3D68}.Debug|Any CPU.Build.0 = Debug|Any CPU
		{518547CC-1CB1-4711-882D-3FAC3DEF3D68}.Release|Any CPU.ActiveCfg = Release|Any CPU
		{518547CC-1CB1-4711-882D-3FAC3DEF3D68}.Release|Any CPU.Build.0 = Release|Any CPU
	EndGlobalSection
	GlobalSection(SolutionProperties) = preSolution
		HideSolutionNode = FALSE
	EndGlobalSection
	GlobalSection(ExtensibilityGlobals) = postSolution
		SolutionGuid = {4C8AD507-12DB-4C15-81B2-E88001865418}
	EndGlobalSection
EndGlobal
